
Microsoft Visual Studio Solution File, Format Version 12.00
# Visual Studio Version 17
VisualStudioVersion = 17.14.36301.6 d17.14
MinimumVisualStudioVersion = 10.0.40219.1
Project("{FAE04EC0-301F-11D3-BF4B-00C04F79EFBC}") = "MultiLinkRunner", "MultiLinkRunner\MultiLinkRunner.csproj", "{1C07EC6C-655D-4363-B59E-40B77F57BB9D}"
EndProject
Global
	GlobalSection(SolutionConfigurationPlatforms) = preSolution
		Debug|Any CPU = Debug|Any CPU
		Release|Any CPU = Release|Any CPU
	EndGlobalSection
	GlobalSection(ProjectConfigurationPlatforms) = postSolution
		{1C07EC6C-655D-4363-B59E-40B77F57BB9D}.Debug|Any CPU.ActiveCfg = Debug|Any CPU
		{1C07EC6C-655D-4363-B59E-40B77F57BB9D}.Debug|Any CPU.Build.0 = Debug|Any CPU
		{1C07EC6C-655D-4363-B59E-40B77F57BB9D}.Release|Any CPU.ActiveCfg = Release|Any CPU
		{1C07EC6C-655D-4363-B59E-40B77F57BB9D}.Release|Any CPU.Build.0 = Release|Any CPU
	EndGlobalSection
	GlobalSection(SolutionProperties) = preSolution
		HideSolutionNode = FALSE
	EndGlobalSection
	GlobalSection(ExtensibilityGlobals) = postSolution
		SolutionGuid = {553F1D05-7F73-4DB9-822E-A4B9C30F792E}
	EndGlobalSection
EndGlobal
